
Microsoft Visual Studio Solution File, Format Version 12.00
# Visual Studio Version 16
VisualStudioVersion = 16.0.30204.135
MinimumVisualStudioVersion = 10.0.40219.1
Project("{9A19103F-16F7-4668-BE54-9A1E7A4F7556}") = "Hopper", "Hopper\Hopper.csproj", "{0002ADB6-AA25-4CFE-B026-A40F746CD125}"
EndProject
Project("{9A19103F-16F7-4668-BE54-9A1E7A4F7556}") = "Tests", "Tests\Tests.csproj", "{3E41D0C8-B618-4152-824D-9A705ED853EB}"
EndProject
Project("{2150E333-8FDC-42A3-9474-1A3956D46DE8}") = "Solution Items", "Solution Items", "{61B21E36-5845-499B-AFCF-B0279BB5D393}"
	ProjectSection(SolutionItems) = preProject
		.editorconfig = .editorconfig
	EndProjectSection
EndProject
Global
	GlobalSection(SolutionConfigurationPlatforms) = preSolution
		Debug|Any CPU = Debug|Any CPU
		Release|Any CPU = Release|Any CPU
	EndGlobalSection
	GlobalSection(ProjectConfigurationPlatforms) = postSolution
		{0002ADB6-AA25-4CFE-B026-A40F746CD125}.Debug|Any CPU.ActiveCfg = Debug|Any CPU
		{0002ADB6-AA25-4CFE-B026-A40F746CD125}.Debug|Any CPU.Build.0 = Debug|Any CPU
		{0002ADB6-AA25-4CFE-B026-A40F746CD125}.Release|Any CPU.ActiveCfg = Release|Any CPU
		{0002ADB6-AA25-4CFE-B026-A40F746CD125}.Release|Any CPU.Build.0 = Release|Any CPU
		{3E41D0C8-B618-4152-824D-9A705ED853EB}.Debug|Any CPU.ActiveCfg = Debug|Any CPU
		{3E41D0C8-B618-4152-824D-9A705ED853EB}.Debug|Any CPU.Build.0 = Debug|Any CPU
		{3E41D0C8-B618-4152-824D-9A705ED853EB}.Release|Any CPU.ActiveCfg = Release|Any CPU
		{3E41D0C8-B618-4152-824D-9A705ED853EB}.Release|Any CPU.Build.0 = Release|Any CPU
	EndGlobalSection
	GlobalSection(SolutionProperties) = preSolution
		HideSolutionNode = FALSE
	EndGlobalSection
	GlobalSection(ExtensibilityGlobals) = postSolution
		SolutionGuid = {42018B14-0548-49DE-BF17-9D0FC420447B}
	EndGlobalSection
EndGlobal
